// !$*UTF8*$!
{
	archiveVersion = 1;
	classes = {
	};
	objectVersion = 46;
	objects = {

/* Begin PBXBuildFile section */
		92DB52491CD476DF00D29FCB /* AppDelegate.swift in Sources */ = {isa = PBXBuildFile; fileRef = 92DB52481CD476DF00D29FCB /* AppDelegate.swift */; };
		92DB524B1CD476DF00D29FCB /* ViewController.swift in Sources */ = {isa = PBXBuildFile; fileRef = 92DB524A1CD476DF00D29FCB /* ViewController.swift */; };
		92DB524E1CD476DF00D29FCB /* Main.storyboard in Resources */ = {isa = PBXBuildFile; fileRef = 92DB524C1CD476DF00D29FCB /* Main.storyboard */; };
		92DB52511CD476DF00D29FCB /* Infoto.xcdatamodeld in Sources */ = {isa = PBXBuildFile; fileRef = 92DB524F1CD476DF00D29FCB /* Infoto.xcdatamodeld */; };
		92DB52531CD476DF00D29FCB /* Assets.xcassets in Resources */ = {isa = PBXBuildFile; fileRef = 92DB52521CD476DF00D29FCB /* Assets.xcassets */; };
		92DB52561CD476DF00D29FCB /* LaunchScreen.storyboard in Resources */ = {isa = PBXBuildFile; fileRef = 92DB52541CD476DF00D29FCB /* LaunchScreen.storyboard */; };
/* End PBXBuildFile section */

/* Begin PBXFileReference section */
		92DB52451CD476DD00D29FCB /* Infoto.app */ = {isa = PBXFileReference; explicitFileType = wrapper.application; includeInIndex = 0; path = Infoto.app; sourceTree = BUILT_PRODUCTS_DIR; };
		92DB52481CD476DF00D29FCB /* AppDelegate.swift */ = {isa = PBXFileReference; lastKnownFileType = sourcecode.swift; path = AppDelegate.swift; sourceTree = "<group>"; };
		92DB524A1CD476DF00D29FCB /* ViewController.swift */ = {isa = PBXFileReference; lastKnownFileType = sourcecode.swift; path = ViewController.swift; sourceTree = "<group>"; };
		92DB524D1CD476DF00D29FCB /* Base */ = {isa = PBXFileReference; lastKnownFileType = file.storyboard; name = Base; path = Base.lproj/Main.storyboard; sourceTree = "<group>"; };
		92DB52501CD476DF00D29FCB /* Infoto.xcdatamodel */ = {isa = PBXFileReference; lastKnownFileType = wrapper.xcdatamodel; path = Infoto.xcdatamodel; sourceTree = "<group>"; };
		92DB52521CD476DF00D29FCB /* Assets.xcassets */ = {isa = PBXFileReference; lastKnownFileType = folder.assetcatalog; path = Assets.xcassets; sourceTree = "<group>"; };
		92DB52551CD476DF00D29FCB /* Base */ = {isa = PBXFileReference; lastKnownFileType = file.storyboard; name = Base; path = Base.lproj/LaunchScreen.storyboard; sourceTree = "<group>"; };
		92DB52571CD476DF00D29FCB /* Info.plist */ = {isa = PBXFileReference; lastKnownFileType = text.plist.xml; path = Info.plist; sourceTree = "<group>"; };
/* End PBXFileReference section */

/* Begin PBXFrameworksBuildPhase section */
		92DB52421CD476DD00D29FCB /* Frameworks */ = {
			isa = PBXFrameworksBuildPhase;
			buildActionMask = 2147483647;
			files = (
			);
			runOnlyForDeploymentPostprocessing = 0;
		};
/* End PBXFrameworksBuildPhase section */

/* Begin PBXGroup section */
		92DB523C1CD476DD00D29FCB = {
			isa = PBXGroup;
			children = (
				92DB52471CD476DF00D29FCB /* Infoto */,
				92DB52461CD476DD00D29FCB /* Products */,
			);
			sourceTree = "<group>";
		};
		92DB52461CD476DD00D29FCB /* Products */ = {
			isa = PBXGroup;
			children = (
				92DB52451CD476DD00D29FCB /* Infoto.app */,
			);
			name = Products;
			sourceTree = "<group>";
		};
		92DB52471CD476DF00D29FCB /* Infoto */ = {
			isa = PBXGroup;
			children = (
				92DB52481CD476DF00D29FCB /* AppDelegate.swift */,
				92DB524A1CD476DF00D29FCB /* ViewController.swift */,
				92DB524C1CD476DF00D29FCB /* Main.storyboard */,
				92DB52521CD476DF00D29FCB /* Assets.xcassets */,
				92DB52541CD476DF00D29FCB /* LaunchScreen.storyboard */,
				92DB52571CD476DF00D29FCB /* Info.plist */,
				92DB524F1CD476DF00D29FCB /* Infoto.xcdatamodeld */,
			);
			path = Infoto;
			sourceTree = "<group>";
		};
/* End PBXGroup section */

/* Begin PBXNativeTarget section */
		92DB52441CD476DD00D29FCB /* Infoto */ = {
			isa = PBXNativeTarget;
			buildConfigurationList = 92DB525A1CD476DF00D29FCB /* Build configuration list for PBXNativeTarget "Infoto" */;
			buildPhases = (
				92DB52411CD476DD00D29FCB /* Sources */,
				92DB52421CD476DD00D29FCB /* Frameworks */,
				92DB52431CD476DD00D29FCB /* Resources */,
			);
			buildRules = (
			);
			dependencies = (
			);
			name = Infoto;
			productName = Infoto;
			productReference = 92DB52451CD476DD00D29FCB /* Infoto.app */;
			productType = "com.apple.product-type.application";
		};
/* End PBXNativeTarget section */

/* Begin PBXProject section */
		92DB523D1CD476DD00D29FCB /* Project object */ = {
			isa = PBXProject;
			attributes = {
				LastSwiftUpdateCheck = 0730;
				LastUpgradeCheck = 0730;
				ORGANIZATIONNAME = Tohism;
				TargetAttributes = {
					92DB52441CD476DD00D29FCB = {
						CreatedOnToolsVersion = 7.3;
					};
				};
			};
			buildConfigurationList = 92DB52401CD476DD00D29FCB /* Build configuration list for PBXProject "Infoto" */;
			compatibilityVersion = "Xcode 3.2";
			developmentRegion = English;
			hasScannedForEncodings = 0;
			knownRegions = (
				en,
				Base,
			);
			mainGroup = 92DB523C1CD476DD00D29FCB;
			productRefGroup = 92DB52461CD476DD00D29FCB /* Products */;
			projectDirPath = "";
			projectRoot = "";
			targets = (
				92DB52441CD476DD00D29FCB /* Infoto */,
			);
		};
/* End PBXProject section */

/* Begin PBXResourcesBuildPhase section */
		92DB52431CD476DD00D29FCB /* Resources */ = {
			isa = PBXResourcesBuildPhase;
			buildActionMask = 2147483647;
			files = (
				92DB52561CD476DF00D29FCB /* LaunchScreen.storyboard in Resources */,
				92DB52531CD476DF00D29FCB /* Assets.xcassets in Resources */,
				92DB524E1CD476DF00D29FCB /* Main.storyboard in Resources */,
			);
			runOnlyForDeploymentPostprocessing = 0;
		};
/* End PBXResourcesBuildPhase section */

/* Begin PBXSourcesBuildPhase section */
		92DB52411CD476DD00D29FCB /* Sources */ = {
			isa = PBXSourcesBuildPhase;
			buildActionMask = 2147483647;
			files = (
				92DB524B1CD476DF00D29FCB /* ViewController.swift in Sources */,
				92DB52511CD476DF00D29FCB /* Infoto.xcdatamodeld in Sources */,
				92DB52491CD476DF00D29FCB /* AppDelegate.swift in Sources */,
			);
			runOnlyForDeploymentPostprocessing = 0;
		};
/* End PBXSourcesBuildPhase section */

/* Begin PBXVariantGroup section */
		92DB524C1CD476DF00D29FCB /* Main.storyboard */ = {
			isa = PBXVariantGroup;
			children = (
				92DB524D1CD476DF00D29FCB /* Base */,
			);
			name = Main.storyboard;
			sourceTree = "<group>";
		};
		92DB52541CD476DF00D29FCB /* LaunchScreen.storyboard */ = {
			isa = PBXVariantGroup;
			children = (
				92DB52551CD476DF00D29FCB /* Base */,
			);
			name = LaunchScreen.storyboard;
			sourceTree = "<group>";
		};
/* End PBXVariantGroup section */

/* Begin XCBuildConfiguration section */
		92DB52581CD476DF00D29FCB /* Debug */ = {
			isa = XCBuildConfiguration;
			buildSettings = {
				ALWAYS_SEARCH_USER_PATHS = NO;
				CLANG_ANALYZER_NONNULL = YES;
				CLANG_CXX_LANGUAGE_STANDARD = "gnu++0x";
				CLANG_CXX_LIBRARY = "libc++";
				CLANG_ENABLE_MODULES = YES;
				CLANG_ENABLE_OBJC_ARC = YES;
				CLANG_WARN_BOOL_CONVERSION = YES;
				CLANG_WARN_CONSTANT_CONVERSION = YES;
				CLANG_WARN_DIRECT_OBJC_ISA_USAGE = YES_ERROR;
				CLANG_WARN_EMPTY_BODY = YES;
				CLANG_WARN_ENUM_CONVERSION = YES;
				CLANG_WARN_INT_CONVERSION = YES;
				CLANG_WARN_OBJC_ROOT_CLASS = YES_ERROR;
				CLANG_WARN_UNREACHABLE_CODE = YES;
				CLANG_WARN__DUPLICATE_METHOD_MATCH = YES;
				"CODE_SIGN_IDENTITY[sdk=iphoneos*]" = "iPhone Developer";
				COPY_PHASE_STRIP = NO;
				DEBUG_INFORMATION_FORMAT = dwarf;
				ENABLE_STRICT_OBJC_MSGSEND = YES;
				ENABLE_TESTABILITY = YES;
				GCC_C_LANGUAGE_STANDARD = gnu99;
				GCC_DYNAMIC_NO_PIC = NO;
				GCC_NO_COMMON_BLOCKS = YES;
				GCC_OPTIMIZATION_LEVEL = 0;
				GCC_PREPROCESSOR_DEFINITIONS = (
					"DEBUG=1",
					"$(inherited)",
				);
				GCC_WARN_64_TO_32_BIT_CONVERSION = YES;
				GCC_WARN_ABOUT_RETURN_TYPE = YES_ERROR;
				GCC_WARN_UNDECLARED_SELECTOR = YES;
				GCC_WARN_UNINITIALIZED_AUTOS = YES_AGGRESSIVE;
				GCC_WARN_UNUSED_FUNCTION = YES;
				GCC_WARN_UNUSED_VARIABLE = YES;
				IPHONEOS_DEPLOYMENT_TARGET = 9.3;
				MTL_ENABLE_DEBUG_INFO = YES;
				ONLY_ACTIVE_ARCH = YES;
				SDKROOT = iphoneos;
				SWIFT_OPTIMIZATION_LEVEL = "-Onone";
			};
			name = Debug;
		};
		92DB52591CD476DF00D29FCB /* Release */ = {
			isa = XCBuildConfiguration;
			buildSettings = {
				ALWAYS_SEARCH_USER_PATHS = NO;
				CLANG_ANALYZER_NONNULL = YES;
				CLANG_CXX_LANGUAGE_STANDARD = "gnu++0x";
				CLANG_CXX_LIBRARY = "libc++";
				CLANG_ENABLE_MODULES = YES;
				CLANG_ENABLE_OBJC_ARC = YES;
				CLANG_WARN_BOOL_CONVERSION = YES;
				CLANG_WARN_CONSTANT_CONVERSION = YES;
				CLANG_WARN_DIRECT_OBJC_ISA_USAGE = YES_ERROR;
				CLANG_WARN_EMPTY_BODY = YES;
				CLANG_WARN_ENUM_CONVERSION = YES;
				CLANG_WARN_INT_CONVERSION = YES;
				CLANG_WARN_OBJC_ROOT_CLASS = YES_ERROR;
				CLANG_WARN_UNREACHABLE_CODE = YES;
				CLANG_WARN__DUPLICATE_METHOD_MATCH = YES;
				"CODE_SIGN_IDENTITY[sdk=iphoneos*]" = "iPhone Developer";
				COPY_PHASE_STRIP = NO;
				DEBUG_INFORMATION_FORMAT = "dwarf-with-dsym";
				ENABLE_NS_ASSERTIONS = NO;
				ENABLE_STRICT_OBJC_MSGSEND = YES;
				GCC_C_LANGUAGE_STANDARD = gnu99;
				GCC_NO_COMMON_BLOCKS = YES;
				GCC_WARN_64_TO_32_BIT_CONVERSION = YES;
				GCC_WARN_ABOUT_RETURN_TYPE = YES_ERROR;
				GCC_WARN_UNDECLARED_SELECTOR = YES;
				GCC_WARN_UNINITIALIZED_AUTOS = YES_AGGRESSIVE;
				GCC_WARN_UNUSED_FUNCTION = YES;
				GCC_WARN_UNUSED_VARIABLE = YES;
				IPHONEOS_DEPLOYMENT_TARGET = 9.3;
				MTL_ENABLE_DEBUG_INFO = NO;
				SDKROOT = iphoneos;
				VALIDATE_PRODUCT = YES;
			};
			name = Release;
		};
		92DB525B1CD476DF00D29FCB /* Debug */ = {
			isa = XCBuildConfiguration;
			buildSettings = {
				ASSETCATALOG_COMPILER_APPICON_NAME = AppIcon;
				INFOPLIST_FILE = Infoto/Info.plist;
				LD_RUNPATH_SEARCH_PATHS = "$(inherited) @executable_path/Frameworks";
				PRODUCT_BUNDLE_IDENTIFIER = com.tohism.Infoto;
				PRODUCT_NAME = "$(TARGET_NAME)";
			};
			name = Debug;
		};
		92DB525C1CD476DF00D29FCB /* Release */ = {
			isa = XCBuildConfiguration;
			buildSettings = {
				ASSETCATALOG_COMPILER_APPICON_NAME = AppIcon;
				INFOPLIST_FILE = Infoto/Info.plist;
				LD_RUNPATH_SEARCH_PATHS = "$(inherited) @executable_path/Frameworks";
				PRODUCT_BUNDLE_IDENTIFIER = com.tohism.Infoto;
				PRODUCT_NAME = "$(TARGET_NAME)";
			};
			name = Release;
		};
/* End XCBuildConfiguration section */

/* Begin XCConfigurationList section */
		92DB52401CD476DD00D29FCB /* Build configuration list for PBXProject "Infoto" */ = {
			isa = XCConfigurationList;
			buildConfigurations = (
				92DB52581CD476DF00D29FCB /* Debug */,
				92DB52591CD476DF00D29FCB /* Release */,
			);
			defaultConfigurationIsVisible = 0;
			defaultConfigurationName = Release;
		};
		92DB525A1CD476DF00D29FCB /* Build configuration list for PBXNativeTarget "Infoto" */ = {
			isa = XCConfigurationList;
			buildConfigurations = (
				92DB525B1CD476DF00D29FCB /* Debug */,
				92DB525C1CD476DF00D29FCB /* Release */,
			);
			defaultConfigurationIsVisible = 0;
		};
/* End XCConfigurationList section */

/* Begin XCVersionGroup section */
		92DB524F1CD476DF00D29FCB /* Infoto.xcdatamodeld */ = {
			isa = XCVersionGroup;
			children = (
				92DB52501CD476DF00D29FCB /* Infoto.xcdatamodel */,
			);
			currentVersion = 92DB52501CD476DF00D29FCB /* Infoto.xcdatamodel */;
			path = Infoto.xcdatamodeld;
			sourceTree = "<group>";
			versionGroupType = wrapper.xcdatamodel;
		};
/* End XCVersionGroup section */
	};
	rootObject = 92DB523D1CD476DD00D29FCB /* Project object */;
}
